
Microsoft Visual Studio Solution File, Format Version 12.00
# Visual Studio Version 17
VisualStudioVersion = 17.7.34202.233
MinimumVisualStudioVersion = 10.0.40219.1
Project("{FAE04EC0-301F-11D3-BF4B-00C04F79EFBC}") = "elseifnumberofdays", "elseifnumberofdays.csproj", "{3F718DD4-C992-4C5E-9276-9DF2E6BA01E6}"
EndProject
Global
	GlobalSection(SolutionConfigurationPlatforms) = preSolution
		Debug|Any CPU = Debug|Any CPU
		Release|Any CPU = Release|Any CPU
	EndGlobalSection
	GlobalSection(ProjectConfigurationPlatforms) = postSolution
		{3F718DD4-C992-4C5E-9276-9DF2E6BA01E6}.Debug|Any CPU.ActiveCfg = Debug|Any CPU
		{3F718DD4-C992-4C5E-9276-9DF2E6BA01E6}.Debug|Any CPU.Build.0 = Debug|Any CPU
		{3F718DD4-C992-4C5E-9276-9DF2E6BA01E6}.Release|Any CPU.ActiveCfg = Release|Any CPU
		{3F718DD4-C992-4C5E-9276-9DF2E6BA01E6}.Release|Any CPU.Build.0 = Release|Any CPU
	EndGlobalSection
	GlobalSection(SolutionProperties) = preSolution
		HideSolutionNode = FALSE
	EndGlobalSection
	GlobalSection(ExtensibilityGlobals) = postSolution
		SolutionGuid = {4A35576C-9DAF-4B98-A338-6DA0E8BCC9E8}
	EndGlobalSection
EndGlobal
